// !$*UTF8*$!
{
	archiveVersion = 1;
	classes = {
	};
	objectVersion = 50;
	objects = {

/* Begin PBXBuildFile section */
		342DC841264E1B4B00A9304F /* DictationApp.swift in Sources */ = {isa = PBXBuildFile; fileRef = 342DC82E264E1B4800A9304F /* DictationApp.swift */; };
		342DC842264E1B4B00A9304F /* DictationApp.swift in Sources */ = {isa = PBXBuildFile; fileRef = 342DC82E264E1B4800A9304F /* DictationApp.swift */; };
		342DC843264E1B4B00A9304F /* ContentView.swift in Sources */ = {isa = PBXBuildFile; fileRef = 342DC82F264E1B4800A9304F /* ContentView.swift */; };
		342DC844264E1B4B00A9304F /* ContentView.swift in Sources */ = {isa = PBXBuildFile; fileRef = 342DC82F264E1B4800A9304F /* ContentView.swift */; };
		342DC845264E1B4B00A9304F /* Assets.xcassets in Resources */ = {isa = PBXBuildFile; fileRef = 342DC830264E1B4B00A9304F /* Assets.xcassets */; };
		342DC846264E1B4B00A9304F /* Assets.xcassets in Resources */ = {isa = PBXBuildFile; fileRef = 342DC830264E1B4B00A9304F /* Assets.xcassets */; };
		342DC850264E1B7100A9304F /* AudioRecorder.swift in Sources */ = {isa = PBXBuildFile; fileRef = 342DC84F264E1B7100A9304F /* AudioRecorder.swift */; };
		342DC851264E1B7100A9304F /* AudioRecorder.swift in Sources */ = {isa = PBXBuildFile; fileRef = 342DC84F264E1B7100A9304F /* AudioRecorder.swift */; };
		342DC853264E21E900A9304F /* RecordingList.swift in Sources */ = {isa = PBXBuildFile; fileRef = 342DC852264E21E900A9304F /* RecordingList.swift */; };
		342DC854264E21E900A9304F /* RecordingList.swift in Sources */ = {isa = PBXBuildFile; fileRef = 342DC852264E21E900A9304F /* RecordingList.swift */; };
		342DC856264E24B000A9304F /* Extensions.swift in Sources */ = {isa = PBXBuildFile; fileRef = 342DC855264E24B000A9304F /* Extensions.swift */; };
		342DC857264E24B000A9304F /* Extensions.swift in Sources */ = {isa = PBXBuildFile; fileRef = 342DC855264E24B000A9304F /* Extensions.swift */; };
/* End PBXBuildFile section */

/* Begin PBXFileReference section */
		342DC82E264E1B4800A9304F /* DictationApp.swift */ = {isa = PBXFileReference; lastKnownFileType = sourcecode.swift; path = DictationApp.swift; sourceTree = "<group>"; };
		342DC82F264E1B4800A9304F /* ContentView.swift */ = {isa = PBXFileReference; lastKnownFileType = sourcecode.swift; path = ContentView.swift; sourceTree = "<group>"; };
		342DC830264E1B4B00A9304F /* Assets.xcassets */ = {isa = PBXFileReference; lastKnownFileType = folder.assetcatalog; path = Assets.xcassets; sourceTree = "<group>"; };
		342DC835264E1B4B00A9304F /* Dictation.app */ = {isa = PBXFileReference; explicitFileType = wrapper.application; includeInIndex = 0; path = Dictation.app; sourceTree = BUILT_PRODUCTS_DIR; };
		342DC838264E1B4B00A9304F /* Info.plist */ = {isa = PBXFileReference; lastKnownFileType = text.plist.xml; path = Info.plist; sourceTree = "<group>"; };
		342DC83D264E1B4B00A9304F /* Dictation.app */ = {isa = PBXFileReference; explicitFileType = wrapper.application; includeInIndex = 0; path = Dictation.app; sourceTree = BUILT_PRODUCTS_DIR; };
		342DC83F264E1B4B00A9304F /* Info.plist */ = {isa = PBXFileReference; lastKnownFileType = text.plist.xml; path = Info.plist; sourceTree = "<group>"; };
		342DC840264E1B4B00A9304F /* macOS.entitlements */ = {isa = PBXFileReference; lastKnownFileType = text.plist.entitlements; path = macOS.entitlements; sourceTree = "<group>"; };
		342DC84F264E1B7100A9304F /* AudioRecorder.swift */ = {isa = PBXFileReference; lastKnownFileType = sourcecode.swift; path = AudioRecorder.swift; sourceTree = "<group>"; };
		342DC852264E21E900A9304F /* RecordingList.swift */ = {isa = PBXFileReference; lastKnownFileType = sourcecode.swift; path = RecordingList.swift; sourceTree = "<group>"; };
		342DC855264E24B000A9304F /* Extensions.swift */ = {isa = PBXFileReference; lastKnownFileType = sourcecode.swift; path = Extensions.swift; sourceTree = "<group>"; };
/* End PBXFileReference section */

/* Begin PBXFrameworksBuildPhase section */
		342DC832264E1B4B00A9304F /* Frameworks */ = {
			isa = PBXFrameworksBuildPhase;
			buildActionMask = 2147483647;
			files = (
			);
			runOnlyForDeploymentPostprocessing = 0;
		};
		342DC83A264E1B4B00A9304F /* Frameworks */ = {
			isa = PBXFrameworksBuildPhase;
			buildActionMask = 2147483647;
			files = (
			);
			runOnlyForDeploymentPostprocessing = 0;
		};
/* End PBXFrameworksBuildPhase section */

/* Begin PBXGroup section */
		342DC828264E1B4800A9304F = {
			isa = PBXGroup;
			children = (
				342DC82D264E1B4800A9304F /* Shared */,
				342DC837264E1B4B00A9304F /* iOS */,
				342DC83E264E1B4B00A9304F /* macOS */,
				342DC836264E1B4B00A9304F /* Products */,
			);
			sourceTree = "<group>";
		};
		342DC82D264E1B4800A9304F /* Shared */ = {
			isa = PBXGroup;
			children = (
				342DC82E264E1B4800A9304F /* DictationApp.swift */,
				342DC82F264E1B4800A9304F /* ContentView.swift */,
				342DC830264E1B4B00A9304F /* Assets.xcassets */,
				342DC84F264E1B7100A9304F /* AudioRecorder.swift */,
				342DC852264E21E900A9304F /* RecordingList.swift */,
				342DC855264E24B000A9304F /* Extensions.swift */,
			);
			path = Shared;
			sourceTree = "<group>";
		};
		342DC836264E1B4B00A9304F /* Products */ = {
			isa = PBXGroup;
			children = (
				342DC835264E1B4B00A9304F /* Dictation.app */,
				342DC83D264E1B4B00A9304F /* Dictation.app */,
			);
			name = Products;
			sourceTree = "<group>";
		};
		342DC837264E1B4B00A9304F /* iOS */ = {
			isa = PBXGroup;
			children = (
				342DC838264E1B4B00A9304F /* Info.plist */,
			);
			path = iOS;
			sourceTree = "<group>";
		};
		342DC83E264E1B4B00A9304F /* macOS */ = {
			isa = PBXGroup;
			children = (
				342DC83F264E1B4B00A9304F /* Info.plist */,
				342DC840264E1B4B00A9304F /* macOS.entitlements */,
			);
			path = macOS;
			sourceTree = "<group>";
		};
/* End PBXGroup section */

/* Begin PBXNativeTarget section */
		342DC834264E1B4B00A9304F /* Dictation (iOS) */ = {
			isa = PBXNativeTarget;
			buildConfigurationList = 342DC849264E1B4B00A9304F /* Build configuration list for PBXNativeTarget "Dictation (iOS)" */;
			buildPhases = (
				342DC831264E1B4B00A9304F /* Sources */,
				342DC832264E1B4B00A9304F /* Frameworks */,
				342DC833264E1B4B00A9304F /* Resources */,
			);
			buildRules = (
			);
			dependencies = (
			);
			name = "Dictation (iOS)";
			productName = "Dictation (iOS)";
			productReference = 342DC835264E1B4B00A9304F /* Dictation.app */;
			productType = "com.apple.product-type.application";
		};
		342DC83C264E1B4B00A9304F /* Dictation (macOS) */ = {
			isa = PBXNativeTarget;
			buildConfigurationList = 342DC84C264E1B4B00A9304F /* Build configuration list for PBXNativeTarget "Dictation (macOS)" */;
			buildPhases = (
				342DC839264E1B4B00A9304F /* Sources */,
				342DC83A264E1B4B00A9304F /* Frameworks */,
				342DC83B264E1B4B00A9304F /* Resources */,
			);
			buildRules = (
			);
			dependencies = (
			);
			name = "Dictation (macOS)";
			productName = "Dictation (macOS)";
			productReference = 342DC83D264E1B4B00A9304F /* Dictation.app */;
			productType = "com.apple.product-type.application";
		};
/* End PBXNativeTarget section */

/* Begin PBXProject section */
		342DC829264E1B4800A9304F /* Project object */ = {
			isa = PBXProject;
			attributes = {
				LastSwiftUpdateCheck = 1250;
				LastUpgradeCheck = 1250;
				TargetAttributes = {
					342DC834264E1B4B00A9304F = {
						CreatedOnToolsVersion = 12.5;
					};
					342DC83C264E1B4B00A9304F = {
						CreatedOnToolsVersion = 12.5;
					};
				};
			};
			buildConfigurationList = 342DC82C264E1B4800A9304F /* Build configuration list for PBXProject "Dictation" */;
			compatibilityVersion = "Xcode 9.3";
			developmentRegion = en;
			hasScannedForEncodings = 0;
			knownRegions = (
				en,
				Base,
			);
			mainGroup = 342DC828264E1B4800A9304F;
			productRefGroup = 342DC836264E1B4B00A9304F /* Products */;
			projectDirPath = "";
			projectRoot = "";
			targets = (
				342DC834264E1B4B00A9304F /* Dictation (iOS) */,
				342DC83C264E1B4B00A9304F /* Dictation (macOS) */,
			);
		};
/* End PBXProject section */

/* Begin PBXResourcesBuildPhase section */
		342DC833264E1B4B00A9304F /* Resources */ = {
			isa = PBXResourcesBuildPhase;
			buildActionMask = 2147483647;
			files = (
				342DC845264E1B4B00A9304F /* Assets.xcassets in Resources */,
			);
			runOnlyForDeploymentPostprocessing = 0;
		};
		342DC83B264E1B4B00A9304F /* Resources */ = {
			isa = PBXResourcesBuildPhase;
			buildActionMask = 2147483647;
			files = (
				342DC846264E1B4B00A9304F /* Assets.xcassets in Resources */,
			);
			runOnlyForDeploymentPostprocessing = 0;
		};
/* End PBXResourcesBuildPhase section */

/* Begin PBXSourcesBuildPhase section */
		342DC831264E1B4B00A9304F /* Sources */ = {
			isa = PBXSourcesBuildPhase;
			buildActionMask = 2147483647;
			files = (
				342DC856264E24B000A9304F /* Extensions.swift in Sources */,
				342DC850264E1B7100A9304F /* AudioRecorder.swift in Sources */,
				342DC843264E1B4B00A9304F /* ContentView.swift in Sources */,
				342DC841264E1B4B00A9304F /* DictationApp.swift in Sources */,
				342DC853264E21E900A9304F /* RecordingList.swift in Sources */,
			);
			runOnlyForDeploymentPostprocessing = 0;
		};
		342DC839264E1B4B00A9304F /* Sources */ = {
			isa = PBXSourcesBuildPhase;
			buildActionMask = 2147483647;
			files = (
				342DC857264E24B000A9304F /* Extensions.swift in Sources */,
				342DC851264E1B7100A9304F /* AudioRecorder.swift in Sources */,
				342DC844264E1B4B00A9304F /* ContentView.swift in Sources */,
				342DC842264E1B4B00A9304F /* DictationApp.swift in Sources */,
				342DC854264E21E900A9304F /* RecordingList.swift in Sources */,
			);
			runOnlyForDeploymentPostprocessing = 0;
		};
/* End PBXSourcesBuildPhase section */

/* Begin XCBuildConfiguration section */
		342DC847264E1B4B00A9304F /* Debug */ = {
			isa = XCBuildConfiguration;
			buildSettings = {
				ALWAYS_SEARCH_USER_PATHS = NO;
				CLANG_ANALYZER_NONNULL = YES;
				CLANG_ANALYZER_NUMBER_OBJECT_CONVERSION = YES_AGGRESSIVE;
				CLANG_CXX_LANGUAGE_STANDARD = "gnu++14";
				CLANG_CXX_LIBRARY = "libc++";
				CLANG_ENABLE_MODULES = YES;
				CLANG_ENABLE_OBJC_ARC = YES;
				CLANG_ENABLE_OBJC_WEAK = YES;
				CLANG_WARN_BLOCK_CAPTURE_AUTORELEASING = YES;
				CLANG_WARN_BOOL_CONVERSION = YES;
				CLANG_WARN_COMMA = YES;
				CLANG_WARN_CONSTANT_CONVERSION = YES;
				CLANG_WARN_DEPRECATED_OBJC_IMPLEMENTATIONS = YES;
				CLANG_WARN_DIRECT_OBJC_ISA_USAGE = YES_ERROR;
				CLANG_WARN_DOCUMENTATION_COMMENTS = YES;
				CLANG_WARN_EMPTY_BODY = YES;
				CLANG_WARN_ENUM_CONVERSION = YES;
				CLANG_WARN_INFINITE_RECURSION = YES;
				CLANG_WARN_INT_CONVERSION = YES;
				CLANG_WARN_NON_LITERAL_NULL_CONVERSION = YES;
				CLANG_WARN_OBJC_IMPLICIT_RETAIN_SELF = YES;
				CLANG_WARN_OBJC_LITERAL_CONVERSION = YES;
				CLANG_WARN_OBJC_ROOT_CLASS = YES_ERROR;
				CLANG_WARN_QUOTED_INCLUDE_IN_FRAMEWORK_HEADER = YES;
				CLANG_WARN_RANGE_LOOP_ANALYSIS = YES;
				CLANG_WARN_STRICT_PROTOTYPES = YES;
				CLANG_WARN_SUSPICIOUS_MOVE = YES;
				CLANG_WARN_UNGUARDED_AVAILABILITY = YES_AGGRESSIVE;
				CLANG_WARN_UNREACHABLE_CODE = YES;
				CLANG_WARN__DUPLICATE_METHOD_MATCH = YES;
				COPY_PHASE_STRIP = NO;
				DEBUG_INFORMATION_FORMAT = dwarf;
				ENABLE_STRICT_OBJC_MSGSEND = YES;
				ENABLE_TESTABILITY = YES;
				GCC_C_LANGUAGE_STANDARD = gnu11;
				GCC_DYNAMIC_NO_PIC = NO;
				GCC_NO_COMMON_BLOCKS = YES;
				GCC_OPTIMIZATION_LEVEL = 0;
				GCC_PREPROCESSOR_DEFINITIONS = (
					"DEBUG=1",
					"$(inherited)",
				);
				GCC_WARN_64_TO_32_BIT_CONVERSION = YES;
				GCC_WARN_ABOUT_RETURN_TYPE = YES_ERROR;
				GCC_WARN_UNDECLARED_SELECTOR = YES;
				GCC_WARN_UNINITIALIZED_AUTOS = YES_AGGRESSIVE;
				GCC_WARN_UNUSED_FUNCTION = YES;
				GCC_WARN_UNUSED_VARIABLE = YES;
				MTL_ENABLE_DEBUG_INFO = INCLUDE_SOURCE;
				MTL_FAST_MATH = YES;
				ONLY_ACTIVE_ARCH = YES;
				SWIFT_ACTIVE_COMPILATION_CONDITIONS = DEBUG;
				SWIFT_OPTIMIZATION_LEVEL = "-Onone";
			};
			name = Debug;
		};
		342DC848264E1B4B00A9304F /* Release */ = {
			isa = XCBuildConfiguration;
			buildSettings = {
				ALWAYS_SEARCH_USER_PATHS = NO;
				CLANG_ANALYZER_NONNULL = YES;
				CLANG_ANALYZER_NUMBER_OBJECT_CONVERSION = YES_AGGRESSIVE;
				CLANG_CXX_LANGUAGE_STANDARD = "gnu++14";
				CLANG_CXX_LIBRARY = "libc++";
				CLANG_ENABLE_MODULES = YES;
				CLANG_ENABLE_OBJC_ARC = YES;
				CLANG_ENABLE_OBJC_WEAK = YES;
				CLANG_WARN_BLOCK_CAPTURE_AUTORELEASING = YES;
				CLANG_WARN_BOOL_CONVERSION = YES;
				CLANG_WARN_COMMA = YES;
				CLANG_WARN_CONSTANT_CONVERSION = YES;
				CLANG_WARN_DEPRECATED_OBJC_IMPLEMENTATIONS = YES;
				CLANG_WARN_DIRECT_OBJC_ISA_USAGE = YES_ERROR;
				CLANG_WARN_DOCUMENTATION_COMMENTS = YES;
				CLANG_WARN_EMPTY_BODY = YES;
				CLANG_WARN_ENUM_CONVERSION = YES;
				CLANG_WARN_INFINITE_RECURSION = YES;
				CLANG_WARN_INT_CONVERSION = YES;
				CLANG_WARN_NON_LITERAL_NULL_CONVERSION = YES;
				CLANG_WARN_OBJC_IMPLICIT_RETAIN_SELF = YES;
				CLANG_WARN_OBJC_LITERAL_CONVERSION = YES;
				CLANG_WARN_OBJC_ROOT_CLASS = YES_ERROR;
				CLANG_WARN_QUOTED_INCLUDE_IN_FRAMEWORK_HEADER = YES;
				CLANG_WARN_RANGE_LOOP_ANALYSIS = YES;
				CLANG_WARN_STRICT_PROTOTYPES = YES;
				CLANG_WARN_SUSPICIOUS_MOVE = YES;
				CLANG_WARN_UNGUARDED_AVAILABILITY = YES_AGGRESSIVE;
				CLANG_WARN_UNREACHABLE_CODE = YES;
				CLANG_WARN__DUPLICATE_METHOD_MATCH = YES;
				COPY_PHASE_STRIP = NO;
				DEBUG_INFORMATION_FORMAT = "dwarf-with-dsym";
				ENABLE_NS_ASSERTIONS = NO;
				ENABLE_STRICT_OBJC_MSGSEND = YES;
				GCC_C_LANGUAGE_STANDARD = gnu11;
				GCC_NO_COMMON_BLOCKS = YES;
				GCC_WARN_64_TO_32_BIT_CONVERSION = YES;
				GCC_WARN_ABOUT_RETURN_TYPE = YES_ERROR;
				GCC_WARN_UNDECLARED_SELECTOR = YES;
				GCC_WARN_UNINITIALIZED_AUTOS = YES_AGGRESSIVE;
				GCC_WARN_UNUSED_FUNCTION = YES;
				GCC_WARN_UNUSED_VARIABLE = YES;
				MTL_ENABLE_DEBUG_INFO = NO;
				MTL_FAST_MATH = YES;
				SWIFT_COMPILATION_MODE = wholemodule;
				SWIFT_OPTIMIZATION_LEVEL = "-O";
			};
			name = Release;
		};
		342DC84A264E1B4B00A9304F /* Debug */ = {
			isa = XCBuildConfiguration;
			buildSettings = {
				ASSETCATALOG_COMPILER_APPICON_NAME = AppIcon;
				ASSETCATALOG_COMPILER_GLOBAL_ACCENT_COLOR_NAME = AccentColor;
				CODE_SIGN_STYLE = Automatic;
				DEVELOPMENT_TEAM = SX2P37942F;
				ENABLE_PREVIEWS = YES;
				INFOPLIST_FILE = iOS/Info.plist;
				IPHONEOS_DEPLOYMENT_TARGET = 14.0;
				LD_RUNPATH_SEARCH_PATHS = (
					"$(inherited)",
					"@executable_path/Frameworks",
				);
				PRODUCT_BUNDLE_IDENTIFIER = com.shenxiaochun.Dictation;
				PRODUCT_NAME = Dictation;
				SDKROOT = iphoneos;
				SWIFT_VERSION = 5.0;
				TARGETED_DEVICE_FAMILY = "1,2";
			};
			name = Debug;
		};
		342DC84B264E1B4B00A9304F /* Release */ = {
			isa = XCBuildConfiguration;
			buildSettings = {
				ASSETCATALOG_COMPILER_APPICON_NAME = AppIcon;
				ASSETCATALOG_COMPILER_GLOBAL_ACCENT_COLOR_NAME = AccentColor;
				CODE_SIGN_STYLE = Automatic;
				DEVELOPMENT_TEAM = SX2P37942F;
				ENABLE_PREVIEWS = YES;
				INFOPLIST_FILE = iOS/Info.plist;
				IPHONEOS_DEPLOYMENT_TARGET = 14.0;
				LD_RUNPATH_SEARCH_PATHS = (
					"$(inherited)",
					"@executable_path/Frameworks",
				);
				PRODUCT_BUNDLE_IDENTIFIER = com.shenxiaochun.Dictation;
				PRODUCT_NAME = Dictation;
				SDKROOT = iphoneos;
				SWIFT_VERSION = 5.0;
				TARGETED_DEVICE_FAMILY = "1,2";
				VALIDATE_PRODUCT = YES;
			};
			name = Release;
		};
		342DC84D264E1B4B00A9304F /* Debug */ = {
			isa = XCBuildConfiguration;
			buildSettings = {
				ASSETCATALOG_COMPILER_APPICON_NAME = AppIcon;
				ASSETCATALOG_COMPILER_GLOBAL_ACCENT_COLOR_NAME = AccentColor;
				CODE_SIGN_ENTITLEMENTS = macOS/macOS.entitlements;
				CODE_SIGN_STYLE = Automatic;
				COMBINE_HIDPI_IMAGES = YES;
				DEVELOPMENT_TEAM = SX2P37942F;
				ENABLE_HARDENED_RUNTIME = YES;
				ENABLE_PREVIEWS = YES;
				INFOPLIST_FILE = macOS/Info.plist;
				LD_RUNPATH_SEARCH_PATHS = (
					"$(inherited)",
					"@executable_path/../Frameworks",
				);
				MACOSX_DEPLOYMENT_TARGET = 11.0;
				PRODUCT_BUNDLE_IDENTIFIER = com.shenxiaochun.Dictation;
				PRODUCT_NAME = Dictation;
				SDKROOT = macosx;
				SWIFT_VERSION = 5.0;
			};
			name = Debug;
		};
		342DC84E264E1B4B00A9304F /* Release */ = {
			isa = XCBuildConfiguration;
			buildSettings = {
				ASSETCATALOG_COMPILER_APPICON_NAME = AppIcon;
				ASSETCATALOG_COMPILER_GLOBAL_ACCENT_COLOR_NAME = AccentColor;
				CODE_SIGN_ENTITLEMENTS = macOS/macOS.entitlements;
				CODE_SIGN_STYLE = Automatic;
				COMBINE_HIDPI_IMAGES = YES;
				DEVELOPMENT_TEAM = SX2P37942F;
				ENABLE_HARDENED_RUNTIME = YES;
				ENABLE_PREVIEWS = YES;
				INFOPLIST_FILE = macOS/Info.plist;
				LD_RUNPATH_SEARCH_PATHS = (
					"$(inherited)",
					"@executable_path/../Frameworks",
				);
				MACOSX_DEPLOYMENT_TARGET = 11.0;
				PRODUCT_BUNDLE_IDENTIFIER = com.shenxiaochun.Dictation;
				PRODUCT_NAME = Dictation;
				SDKROOT = macosx;
				SWIFT_VERSION = 5.0;
			};
			name = Release;
		};
/* End XCBuildConfiguration section */

/* Begin XCConfigurationList section */
		342DC82C264E1B4800A9304F /* Build configuration list for PBXProject "Dictation" */ = {
			isa = XCConfigurationList;
			buildConfigurations = (
				342DC847264E1B4B00A9304F /* Debug */,
				342DC848264E1B4B00A9304F /* Release */,
			);
			defaultConfigurationIsVisible = 0;
			defaultConfigurationName = Release;
		};
		342DC849264E1B4B00A9304F /* Build configuration list for PBXNativeTarget "Dictation (iOS)" */ = {
			isa = XCConfigurationList;
			buildConfigurations = (
				342DC84A264E1B4B00A9304F /* Debug */,
				342DC84B264E1B4B00A9304F /* Release */,
			);
			defaultConfigurationIsVisible = 0;
			defaultConfigurationName = Release;
		};
		342DC84C264E1B4B00A9304F /* Build configuration list for PBXNativeTarget "Dictation (macOS)" */ = {
			isa = XCConfigurationList;
			buildConfigurations = (
				342DC84D264E1B4B00A9304F /* Debug */,
				342DC84E264E1B4B00A9304F /* Release */,
			);
			defaultConfigurationIsVisible = 0;
			defaultConfigurationName = Release;
		};
/* End XCConfigurationList section */
	};
	rootObject = 342DC829264E1B4800A9304F /* Project object */;
}
